
Microsoft Visual Studio Solution File, Format Version 12.00
# Visual Studio Version 17
VisualStudioVersion = 17.11.35222.181
MinimumVisualStudioVersion = 10.0.40219.1
Project("{FAE04EC0-301F-11D3-BF4B-00C04F79EFBC}") = "HeapProject", "шарпы 1.2 лаба\HeapProject.csproj", "{9C9AC39C-66CF-458F-8A12-DF3B5CCA94D2}"
EndProject
Global
	GlobalSection(SolutionConfigurationPlatforms) = preSolution
		Debug|Any CPU = Debug|Any CPU
		Release|Any CPU = Release|Any CPU
	EndGlobalSection
	GlobalSection(ProjectConfigurationPlatforms) = postSolution
		{9C9AC39C-66CF-458F-8A12-DF3B5CCA94D2}.Debug|Any CPU.ActiveCfg = Debug|Any CPU
		{9C9AC39C-66CF-458F-8A12-DF3B5CCA94D2}.Debug|Any CPU.Build.0 = Debug|Any CPU
		{9C9AC39C-66CF-458F-8A12-DF3B5CCA94D2}.Release|Any CPU.ActiveCfg = Release|Any CPU
		{9C9AC39C-66CF-458F-8A12-DF3B5CCA94D2}.Release|Any CPU.Build.0 = Release|Any CPU
	EndGlobalSection
	GlobalSection(SolutionProperties) = preSolution
		HideSolutionNode = FALSE
	EndGlobalSection
	GlobalSection(ExtensibilityGlobals) = postSolution
		SolutionGuid = {96BF0C13-010E-48C2-BDA5-15564DF443CB}
	EndGlobalSection
EndGlobal
